PODS:
  - Expecta (0.3.1)
  - Specta (0.2.1)
  - YMBarbwire (0.0.1):
    - YMBarbwire/asm (= 0.0.1)
    - YMBarbwire/categories (= 0.0.1)
    - YMBarbwire/core (= 0.0.1)
    - YMBarbwire/no-arc (= 0.0.1)
  - YMBarbwire/asm (0.0.1)
  - YMBarbwire/categories (0.0.1):
    - YMBarbwire/core
  - YMBarbwire/core (0.0.1):
    - YMBarbwire/asm
    - YMBarbwire/no-arc
  - YMBarbwire/no-arc (0.0.1)

DEPENDENCIES:
  - Expecta
  - Specta (~> 0.2.1)
  - YMBarbwire (from `../`)

EXTERNAL SOURCES:
  YMBarbwire:
    :path: ../

SPEC CHECKSUMS:
  Expecta: 03aabd0a89d8dea843baecb19a7fd7466a69a31d
  Specta: 9141310f46b1f68b676650ff2854e1ed0b74163a
  YMBarbwire: 113e6db23d34b04a60751dcc6d800734d6c9b52e

COCOAPODS: 0.35.0
